// !$*UTF8*$!
{
	archiveVersion = 1;
	classes = {
	};
	objectVersion = 56;
	objects = {

/* Begin PBXBuildFile section */
		B808841329B2BAEB00987BF3 /* IACDemoPodsApp.swift in Sources */ = {isa = PBXBuildFile; fileRef = B808841229B2BAEB00987BF3 /* IACDemoPodsApp.swift */; };
		B808841529B2BAEB00987BF3 /* ContentView.swift in Sources */ = {isa = PBXBuildFile; fileRef = B808841429B2BAEB00987BF3 /* ContentView.swift */; };
		B808841729B2BAEE00987BF3 /* Assets.xcassets in Resources */ = {isa = PBXBuildFile; fileRef = B808841629B2BAEE00987BF3 /* Assets.xcassets */; };
		B808841A29B2BAEE00987BF3 /* Preview Assets.xcassets in Resources */ = {isa = PBXBuildFile; fileRef = B808841929B2BAEE00987BF3 /* Preview Assets.xcassets */; };
		B808842429B2BAEE00987BF3 /* IACDemoPodsTests.swift in Sources */ = {isa = PBXBuildFile; fileRef = B808842329B2BAEE00987BF3 /* IACDemoPodsTests.swift */; };
		B808842E29B2BAEE00987BF3 /* IACDemoPodsUITests.swift in Sources */ = {isa = PBXBuildFile; fileRef = B808842D29B2BAEE00987BF3 /* IACDemoPodsUITests.swift */; };
		B808843029B2BAEE00987BF3 /* IACDemoPodsUITestsLaunchTests.swift in Sources */ = {isa = PBXBuildFile; fileRef = B808842F29B2BAEE00987BF3 /* IACDemoPodsUITestsLaunchTests.swift */; };
/* End PBXBuildFile section */

/* Begin PBXContainerItemProxy section */
		B808842029B2BAEE00987BF3 /* PBXContainerItemProxy */ = {
			isa = PBXContainerItemProxy;
			containerPortal = B808840729B2BAEB00987BF3 /* Project object */;
			proxyType = 1;
			remoteGlobalIDString = B808840E29B2BAEB00987BF3;
			remoteInfo = IACDemoPods;
		};
		B808842A29B2BAEE00987BF3 /* PBXContainerItemProxy */ = {
			isa = PBXContainerItemProxy;
			containerPortal = B808840729B2BAEB00987BF3 /* Project object */;
			proxyType = 1;
			remoteGlobalIDString = B808840E29B2BAEB00987BF3;
			remoteInfo = IACDemoPods;
		};
/* End PBXContainerItemProxy section */

/* Begin PBXFileReference section */
		B808840F29B2BAEB00987BF3 /* IACDemoPods.app */ = {isa = PBXFileReference; explicitFileType = wrapper.application; includeInIndex = 0; path = IACDemoPods.app; sourceTree = BUILT_PRODUCTS_DIR; };
		B808841229B2BAEB00987BF3 /* IACDemoPodsApp.swift */ = {isa = PBXFileReference; lastKnownFileType = sourcecode.swift; path = IACDemoPodsApp.swift; sourceTree = "<group>"; };
		B808841429B2BAEB00987BF3 /* ContentView.swift */ = {isa = PBXFileReference; lastKnownFileType = sourcecode.swift; path = ContentView.swift; sourceTree = "<group>"; };
		B808841629B2BAEE00987BF3 /* Assets.xcassets */ = {isa = PBXFileReference; lastKnownFileType = folder.assetcatalog; path = Assets.xcassets; sourceTree = "<group>"; };
		B808841929B2BAEE00987BF3 /* Preview Assets.xcassets */ = {isa = PBXFileReference; lastKnownFileType = folder.assetcatalog; path = "Preview Assets.xcassets"; sourceTree = "<group>"; };
		B808841F29B2BAEE00987BF3 /* IACDemoPodsTests.xctest */ = {isa = PBXFileReference; explicitFileType = wrapper.cfbundle; includeInIndex = 0; path = IACDemoPodsTests.xctest; sourceTree = BUILT_PRODUCTS_DIR; };
		B808842329B2BAEE00987BF3 /* IACDemoPodsTests.swift */ = {isa = PBXFileReference; lastKnownFileType = sourcecode.swift; path = IACDemoPodsTests.swift; sourceTree = "<group>"; };
		B808842929B2BAEE00987BF3 /* IACDemoPodsUITests.xctest */ = {isa = PBXFileReference; explicitFileType = wrapper.cfbundle; includeInIndex = 0; path = IACDemoPodsUITests.xctest; sourceTree = BUILT_PRODUCTS_DIR; };
		B808842D29B2BAEE00987BF3 /* IACDemoPodsUITests.swift */ = {isa = PBXFileReference; lastKnownFileType = sourcecode.swift; path = IACDemoPodsUITests.swift; sourceTree = "<group>"; };
		B808842F29B2BAEE00987BF3 /* IACDemoPodsUITestsLaunchTests.swift */ = {isa = PBXFileReference; lastKnownFileType = sourcecode.swift; path = IACDemoPodsUITestsLaunchTests.swift; sourceTree = "<group>"; };
/* End PBXFileReference section */

/* Begin PBXFrameworksBuildPhase section */
		B808840C29B2BAEB00987BF3 /* Frameworks */ = {
			isa = PBXFrameworksBuildPhase;
			buildActionMask = 2147483647;
			files = (
			);
			runOnlyForDeploymentPostprocessing = 0;
		};
		B808841C29B2BAEE00987BF3 /* Frameworks */ = {
			isa = PBXFrameworksBuildPhase;
			buildActionMask = 2147483647;
			files = (
			);
			runOnlyForDeploymentPostprocessing = 0;
		};
		B808842629B2BAEE00987BF3 /* Frameworks */ = {
			isa = PBXFrameworksBuildPhase;
			buildActionMask = 2147483647;
			files = (
			);
			runOnlyForDeploymentPostprocessing = 0;
		};
/* End PBXFrameworksBuildPhase section */

/* Begin PBXGroup section */
		B808840629B2BAEB00987BF3 = {
			isa = PBXGroup;
			children = (
				B808841129B2BAEB00987BF3 /* IACDemoPods */,
				B808842229B2BAEE00987BF3 /* IACDemoPodsTests */,
				B808842C29B2BAEE00987BF3 /* IACDemoPodsUITests */,
				B808841029B2BAEB00987BF3 /* Products */,
			);
			sourceTree = "<group>";
		};
		B808841029B2BAEB00987BF3 /* Products */ = {
			isa = PBXGroup;
			children = (
				B808840F29B2BAEB00987BF3 /* IACDemoPods.app */,
				B808841F29B2BAEE00987BF3 /* IACDemoPodsTests.xctest */,
				B808842929B2BAEE00987BF3 /* IACDemoPodsUITests.xctest */,
			);
			name = Products;
			sourceTree = "<group>";
		};
		B808841129B2BAEB00987BF3 /* IACDemoPods */ = {
			isa = PBXGroup;
			children = (
				B808841229B2BAEB00987BF3 /* IACDemoPodsApp.swift */,
				B808841429B2BAEB00987BF3 /* ContentView.swift */,
				B808841629B2BAEE00987BF3 /* Assets.xcassets */,
				B808841829B2BAEE00987BF3 /* Preview Content */,
			);
			path = IACDemoPods;
			sourceTree = "<group>";
		};
		B808841829B2BAEE00987BF3 /* Preview Content */ = {
			isa = PBXGroup;
			children = (
				B808841929B2BAEE00987BF3 /* Preview Assets.xcassets */,
			);
			path = "Preview Content";
			sourceTree = "<group>";
		};
		B808842229B2BAEE00987BF3 /* IACDemoPodsTests */ = {
			isa = PBXGroup;
			children = (
				B808842329B2BAEE00987BF3 /* IACDemoPodsTests.swift */,
			);
			path = IACDemoPodsTests;
			sourceTree = "<group>";
		};
		B808842C29B2BAEE00987BF3 /* IACDemoPodsUITests */ = {
			isa = PBXGroup;
			children = (
				B808842D29B2BAEE00987BF3 /* IACDemoPodsUITests.swift */,
				B808842F29B2BAEE00987BF3 /* IACDemoPodsUITestsLaunchTests.swift */,
			);
			path = IACDemoPodsUITests;
			sourceTree = "<group>";
		};
/* End PBXGroup section */

/* Begin PBXNativeTarget section */
		B808840E29B2BAEB00987BF3 /* IACDemoPods */ = {
			isa = PBXNativeTarget;
			buildConfigurationList = B808843329B2BAEE00987BF3 /* Build configuration list for PBXNativeTarget "IACDemoPods" */;
			buildPhases = (
				B808840B29B2BAEB00987BF3 /* Sources */,
				B808840C29B2BAEB00987BF3 /* Frameworks */,
				B808840D29B2BAEB00987BF3 /* Resources */,
			);
			buildRules = (
			);
			dependencies = (
			);
			name = IACDemoPods;
			productName = IACDemoPods;
			productReference = B808840F29B2BAEB00987BF3 /* IACDemoPods.app */;
			productType = "com.apple.product-type.application";
		};
		B808841E29B2BAEE00987BF3 /* IACDemoPodsTests */ = {
			isa = PBXNativeTarget;
			buildConfigurationList = B808843629B2BAEE00987BF3 /* Build configuration list for PBXNativeTarget "IACDemoPodsTests" */;
			buildPhases = (
				B808841B29B2BAEE00987BF3 /* Sources */,
				B808841C29B2BAEE00987BF3 /* Frameworks */,
				B808841D29B2BAEE00987BF3 /* Resources */,
			);
			buildRules = (
			);
			dependencies = (
				B808842129B2BAEE00987BF3 /* PBXTargetDependency */,
			);
			name = IACDemoPodsTests;
			productName = IACDemoPodsTests;
			productReference = B808841F29B2BAEE00987BF3 /* IACDemoPodsTests.xctest */;
			productType = "com.apple.product-type.bundle.unit-test";
		};
		B808842829B2BAEE00987BF3 /* IACDemoPodsUITests */ = {
			isa = PBXNativeTarget;
			buildConfigurationList = B808843929B2BAEE00987BF3 /* Build configuration list for PBXNativeTarget "IACDemoPodsUITests" */;
			buildPhases = (
				B808842529B2BAEE00987BF3 /* Sources */,
				B808842629B2BAEE00987BF3 /* Frameworks */,
				B808842729B2BAEE00987BF3 /* Resources */,
			);
			buildRules = (
			);
			dependencies = (
				B808842B29B2BAEE00987BF3 /* PBXTargetDependency */,
			);
			name = IACDemoPodsUITests;
			productName = IACDemoPodsUITests;
			productReference = B808842929B2BAEE00987BF3 /* IACDemoPodsUITests.xctest */;
			productType = "com.apple.product-type.bundle.ui-testing";
		};
/* End PBXNativeTarget section */

/* Begin PBXProject section */
		B808840729B2BAEB00987BF3 /* Project object */ = {
			isa = PBXProject;
			attributes = {
				BuildIndependentTargetsInParallel = 1;
				LastSwiftUpdateCheck = 1420;
				LastUpgradeCheck = 1420;
				TargetAttributes = {
					B808840E29B2BAEB00987BF3 = {
						CreatedOnToolsVersion = 14.2;
					};
					B808841E29B2BAEE00987BF3 = {
						CreatedOnToolsVersion = 14.2;
						TestTargetID = B808840E29B2BAEB00987BF3;
					};
					B808842829B2BAEE00987BF3 = {
						CreatedOnToolsVersion = 14.2;
						TestTargetID = B808840E29B2BAEB00987BF3;
					};
				};
			};
			buildConfigurationList = B808840A29B2BAEB00987BF3 /* Build configuration list for PBXProject "IACDemoPods" */;
			compatibilityVersion = "Xcode 14.0";
			developmentRegion = en;
			hasScannedForEncodings = 0;
			knownRegions = (
				en,
				Base,
			);
			mainGroup = B808840629B2BAEB00987BF3;
			productRefGroup = B808841029B2BAEB00987BF3 /* Products */;
			projectDirPath = "";
			projectRoot = "";
			targets = (
				B808840E29B2BAEB00987BF3 /* IACDemoPods */,
				B808841E29B2BAEE00987BF3 /* IACDemoPodsTests */,
				B808842829B2BAEE00987BF3 /* IACDemoPodsUITests */,
			);
		};
/* End PBXProject section */

/* Begin PBXResourcesBuildPhase section */
		B808840D29B2BAEB00987BF3 /* Resources */ = {
			isa = PBXResourcesBuildPhase;
			buildActionMask = 2147483647;
			files = (
				B808841A29B2BAEE00987BF3 /* Preview Assets.xcassets in Resources */,
				B808841729B2BAEE00987BF3 /* Assets.xcassets in Resources */,
			);
			runOnlyForDeploymentPostprocessing = 0;
		};
		B808841D29B2BAEE00987BF3 /* Resources */ = {
			isa = PBXResourcesBuildPhase;
			buildActionMask = 2147483647;
			files = (
			);
			runOnlyForDeploymentPostprocessing = 0;
		};
		B808842729B2BAEE00987BF3 /* Resources */ = {
			isa = PBXResourcesBuildPhase;
			buildActionMask = 2147483647;
			files = (
			);
			runOnlyForDeploymentPostprocessing = 0;
		};
/* End PBXResourcesBuildPhase section */

/* Begin PBXSourcesBuildPhase section */
		B808840B29B2BAEB00987BF3 /* Sources */ = {
			isa = PBXSourcesBuildPhase;
			buildActionMask = 2147483647;
			files = (
				B808841529B2BAEB00987BF3 /* ContentView.swift in Sources */,
				B808841329B2BAEB00987BF3 /* IACDemoPodsApp.swift in Sources */,
			);
			runOnlyForDeploymentPostprocessing = 0;
		};
		B808841B29B2BAEE00987BF3 /* Sources */ = {
			isa = PBXSourcesBuildPhase;
			buildActionMask = 2147483647;
			files = (
				B808842429B2BAEE00987BF3 /* IACDemoPodsTests.swift in Sources */,
			);
			runOnlyForDeploymentPostprocessing = 0;
		};
		B808842529B2BAEE00987BF3 /* Sources */ = {
			isa = PBXSourcesBuildPhase;
			buildActionMask = 2147483647;
			files = (
				B808842E29B2BAEE00987BF3 /* IACDemoPodsUITests.swift in Sources */,
				B808843029B2BAEE00987BF3 /* IACDemoPodsUITestsLaunchTests.swift in Sources */,
			);
			runOnlyForDeploymentPostprocessing = 0;
		};
/* End PBXSourcesBuildPhase section */

/* Begin PBXTargetDependency section */
		B808842129B2BAEE00987BF3 /* PBXTargetDependency */ = {
			isa = PBXTargetDependency;
			target = B808840E29B2BAEB00987BF3 /* IACDemoPods */;
			targetProxy = B808842029B2BAEE00987BF3 /* PBXContainerItemProxy */;
		};
		B808842B29B2BAEE00987BF3 /* PBXTargetDependency */ = {
			isa = PBXTargetDependency;
			target = B808840E29B2BAEB00987BF3 /* IACDemoPods */;
			targetProxy = B808842A29B2BAEE00987BF3 /* PBXContainerItemProxy */;
		};
/* End PBXTargetDependency section */

/* Begin XCBuildConfiguration section */
		B808843129B2BAEE00987BF3 /* Debug */ = {
			isa = XCBuildConfiguration;
			buildSettings = {
				ALWAYS_SEARCH_USER_PATHS = NO;
				CLANG_ANALYZER_NONNULL = YES;
				CLANG_ANALYZER_NUMBER_OBJECT_CONVERSION = YES_AGGRESSIVE;
				CLANG_CXX_LANGUAGE_STANDARD = "gnu++20";
				CLANG_ENABLE_MODULES = YES;
				CLANG_ENABLE_OBJC_ARC = YES;
				CLANG_ENABLE_OBJC_WEAK = YES;
				CLANG_WARN_BLOCK_CAPTURE_AUTORELEASING = YES;
				CLANG_WARN_BOOL_CONVERSION = YES;
				CLANG_WARN_COMMA = YES;
				CLANG_WARN_CONSTANT_CONVERSION = YES;
				CLANG_WARN_DEPRECATED_OBJC_IMPLEMENTATIONS = YES;
				CLANG_WARN_DIRECT_OBJC_ISA_USAGE = YES_ERROR;
				CLANG_WARN_DOCUMENTATION_COMMENTS = YES;
				CLANG_WARN_EMPTY_BODY = YES;
				CLANG_WARN_ENUM_CONVERSION = YES;
				CLANG_WARN_INFINITE_RECURSION = YES;
				CLANG_WARN_INT_CONVERSION = YES;
				CLANG_WARN_NON_LITERAL_NULL_CONVERSION = YES;
				CLANG_WARN_OBJC_IMPLICIT_RETAIN_SELF = YES;
				CLANG_WARN_OBJC_LITERAL_CONVERSION = YES;
				CLANG_WARN_OBJC_ROOT_CLASS = YES_ERROR;
				CLANG_WARN_QUOTED_INCLUDE_IN_FRAMEWORK_HEADER = YES;
				CLANG_WARN_RANGE_LOOP_ANALYSIS = YES;
				CLANG_WARN_STRICT_PROTOTYPES = YES;
				CLANG_WARN_SUSPICIOUS_MOVE = YES;
				CLANG_WARN_UNGUARDED_AVAILABILITY = YES_AGGRESSIVE;
				CLANG_WARN_UNREACHABLE_CODE = YES;
				CLANG_WARN__DUPLICATE_METHOD_MATCH = YES;
				COPY_PHASE_STRIP = NO;
				DEBUG_INFORMATION_FORMAT = dwarf;
				ENABLE_STRICT_OBJC_MSGSEND = YES;
				ENABLE_TESTABILITY = YES;
				GCC_C_LANGUAGE_STANDARD = gnu11;
				GCC_DYNAMIC_NO_PIC = NO;
				GCC_NO_COMMON_BLOCKS = YES;
				GCC_OPTIMIZATION_LEVEL = 0;
				GCC_PREPROCESSOR_DEFINITIONS = (
					"DEBUG=1",
					"$(inherited)",
				);
				GCC_WARN_64_TO_32_BIT_CONVERSION = YES;
				GCC_WARN_ABOUT_RETURN_TYPE = YES_ERROR;
				GCC_WARN_UNDECLARED_SELECTOR = YES;
				GCC_WARN_UNINITIALIZED_AUTOS = YES_AGGRESSIVE;
				GCC_WARN_UNUSED_FUNCTION = YES;
				GCC_WARN_UNUSED_VARIABLE = YES;
				IPHONEOS_DEPLOYMENT_TARGET = 16.2;
				MTL_ENABLE_DEBUG_INFO = INCLUDE_SOURCE;
				MTL_FAST_MATH = YES;
				ONLY_ACTIVE_ARCH = YES;
				SDKROOT = iphoneos;
				SWIFT_ACTIVE_COMPILATION_CONDITIONS = DEBUG;
				SWIFT_OPTIMIZATION_LEVEL = "-Onone";
			};
			name = Debug;
		};
		B808843229B2BAEE00987BF3 /* Release */ = {
			isa = XCBuildConfiguration;
			buildSettings = {
				ALWAYS_SEARCH_USER_PATHS = NO;
				CLANG_ANALYZER_NONNULL = YES;
				CLANG_ANALYZER_NUMBER_OBJECT_CONVERSION = YES_AGGRESSIVE;
				CLANG_CXX_LANGUAGE_STANDARD = "gnu++20";
				CLANG_ENABLE_MODULES = YES;
				CLANG_ENABLE_OBJC_ARC = YES;
				CLANG_ENABLE_OBJC_WEAK = YES;
				CLANG_WARN_BLOCK_CAPTURE_AUTORELEASING = YES;
				CLANG_WARN_BOOL_CONVERSION = YES;
				CLANG_WARN_COMMA = YES;
				CLANG_WARN_CONSTANT_CONVERSION = YES;
				CLANG_WARN_DEPRECATED_OBJC_IMPLEMENTATIONS = YES;
				CLANG_WARN_DIRECT_OBJC_ISA_USAGE = YES_ERROR;
				CLANG_WARN_DOCUMENTATION_COMMENTS = YES;
				CLANG_WARN_EMPTY_BODY = YES;
				CLANG_WARN_ENUM_CONVERSION = YES;
				CLANG_WARN_INFINITE_RECURSION = YES;
				CLANG_WARN_INT_CONVERSION = YES;
				CLANG_WARN_NON_LITERAL_NULL_CONVERSION = YES;
				CLANG_WARN_OBJC_IMPLICIT_RETAIN_SELF = YES;
				CLANG_WARN_OBJC_LITERAL_CONVERSION = YES;
				CLANG_WARN_OBJC_ROOT_CLASS = YES_ERROR;
				CLANG_WARN_QUOTED_INCLUDE_IN_FRAMEWORK_HEADER = YES;
				CLANG_WARN_RANGE_LOOP_ANALYSIS = YES;
				CLANG_WARN_STRICT_PROTOTYPES = YES;
				CLANG_WARN_SUSPICIOUS_MOVE = YES;
				CLANG_WARN_UNGUARDED_AVAILABILITY = YES_AGGRESSIVE;
				CLANG_WARN_UNREACHABLE_CODE = YES;
				CLANG_WARN__DUPLICATE_METHOD_MATCH = YES;
				COPY_PHASE_STRIP = NO;
				DEBUG_INFORMATION_FORMAT = "dwarf-with-dsym";
				ENABLE_NS_ASSERTIONS = NO;
				ENABLE_STRICT_OBJC_MSGSEND = YES;
				GCC_C_LANGUAGE_STANDARD = gnu11;
				GCC_NO_COMMON_BLOCKS = YES;
				GCC_WARN_64_TO_32_BIT_CONVERSION = YES;
				GCC_WARN_ABOUT_RETURN_TYPE = YES_ERROR;
				GCC_WARN_UNDECLARED_SELECTOR = YES;
				GCC_WARN_UNINITIALIZED_AUTOS = YES_AGGRESSIVE;
				GCC_WARN_UNUSED_FUNCTION = YES;
				GCC_WARN_UNUSED_VARIABLE = YES;
				IPHONEOS_DEPLOYMENT_TARGET = 16.2;
				MTL_ENABLE_DEBUG_INFO = NO;
				MTL_FAST_MATH = YES;
				SDKROOT = iphoneos;
				SWIFT_COMPILATION_MODE = wholemodule;
				SWIFT_OPTIMIZATION_LEVEL = "-O";
				VALIDATE_PRODUCT = YES;
			};
			name = Release;
		};
		B808843429B2BAEE00987BF3 /* Debug */ = {
			isa = XCBuildConfiguration;
			buildSettings = {
				ASSETCATALOG_COMPILER_APPICON_NAME = AppIcon;
				ASSETCATALOG_COMPILER_GLOBAL_ACCENT_COLOR_NAME = AccentColor;
				CODE_SIGN_STYLE = Automatic;
				CURRENT_PROJECT_VERSION = 1;
				DEVELOPMENT_ASSET_PATHS = "\"IACDemoPods/Preview Content\"";
				DEVELOPMENT_TEAM = WVZBR7DU5M;
				ENABLE_PREVIEWS = YES;
				GENERATE_INFOPLIST_FILE = YES;
				INFOPLIST_KEY_UIApplicationSceneManifest_Generation = YES;
				INFOPLIST_KEY_UIApplicationSupportsIndirectInputEvents = YES;
				INFOPLIST_KEY_UILaunchScreen_Generation = YES;
				INFOPLIST_KEY_UISupportedInterfaceOrientations_iPad = "UIInterfaceOrientationPortrait UIInterfaceOrientationPortraitUpsideDown UIInterfaceOrientationLandscapeLeft UIInterfaceOrientationLandscapeRight";
				INFOPLIST_KEY_UISupportedInterfaceOrientations_iPhone = "UIInterfaceOrientationPortrait UIInterfaceOrientationLandscapeLeft UIInterfaceOrientationLandscapeRight";
				LD_RUNPATH_SEARCH_PATHS = (
					"$(inherited)",
					"@executable_path/Frameworks",
				);
				MARKETING_VERSION = 1.0;
				PRODUCT_BUNDLE_IDENTIFIER = io.inappchat.IACDemoPods;
				PRODUCT_NAME = "$(TARGET_NAME)";
				SWIFT_EMIT_LOC_STRINGS = YES;
				SWIFT_VERSION = 5.0;
				TARGETED_DEVICE_FAMILY = "1,2";
			};
			name = Debug;
		};
		B808843529B2BAEE00987BF3 /* Release */ = {
			isa = XCBuildConfiguration;
			buildSettings = {
				ASSETCATALOG_COMPILER_APPICON_NAME = AppIcon;
				ASSETCATALOG_COMPILER_GLOBAL_ACCENT_COLOR_NAME = AccentColor;
				CODE_SIGN_STYLE = Automatic;
				CURRENT_PROJECT_VERSION = 1;
				DEVELOPMENT_ASSET_PATHS = "\"IACDemoPods/Preview Content\"";
				DEVELOPMENT_TEAM = WVZBR7DU5M;
				ENABLE_PREVIEWS = YES;
				GENERATE_INFOPLIST_FILE = YES;
				INFOPLIST_KEY_UIApplicationSceneManifest_Generation = YES;
				INFOPLIST_KEY_UIApplicationSupportsIndirectInputEvents = YES;
				INFOPLIST_KEY_UILaunchScreen_Generation = YES;
				INFOPLIST_KEY_UISupportedInterfaceOrientations_iPad = "UIInterfaceOrientationPortrait UIInterfaceOrientationPortraitUpsideDown UIInterfaceOrientationLandscapeLeft UIInterfaceOrientationLandscapeRight";
				INFOPLIST_KEY_UISupportedInterfaceOrientations_iPhone = "UIInterfaceOrientationPortrait UIInterfaceOrientationLandscapeLeft UIInterfaceOrientationLandscapeRight";
				LD_RUNPATH_SEARCH_PATHS = (
					"$(inherited)",
					"@executable_path/Frameworks",
				);
				MARKETING_VERSION = 1.0;
				PRODUCT_BUNDLE_IDENTIFIER = io.inappchat.IACDemoPods;
				PRODUCT_NAME = "$(TARGET_NAME)";
				SWIFT_EMIT_LOC_STRINGS = YES;
				SWIFT_VERSION = 5.0;
				TARGETED_DEVICE_FAMILY = "1,2";
			};
			name = Release;
		};
		B808843729B2BAEE00987BF3 /* Debug */ = {
			isa = XCBuildConfiguration;
			buildSettings = {
				ALWAYS_EMBED_SWIFT_STANDARD_LIBRARIES = YES;
				BUNDLE_LOADER = "$(TEST_HOST)";
				CODE_SIGN_STYLE = Automatic;
				CURRENT_PROJECT_VERSION = 1;
				DEVELOPMENT_TEAM = WVZBR7DU5M;
				GENERATE_INFOPLIST_FILE = YES;
				IPHONEOS_DEPLOYMENT_TARGET = 16.2;
				MARKETING_VERSION = 1.0;
				PRODUCT_BUNDLE_IDENTIFIER = io.inappchat.IACDemoPodsTests;
				PRODUCT_NAME = "$(TARGET_NAME)";
				SWIFT_EMIT_LOC_STRINGS = NO;
				SWIFT_VERSION = 5.0;
				TARGETED_DEVICE_FAMILY = "1,2";
				TEST_HOST = "$(BUILT_PRODUCTS_DIR)/IACDemoPods.app/$(BUNDLE_EXECUTABLE_FOLDER_PATH)/IACDemoPods";
			};
			name = Debug;
		};
		B808843829B2BAEE00987BF3 /* Release */ = {
			isa = XCBuildConfiguration;
			buildSettings = {
				ALWAYS_EMBED_SWIFT_STANDARD_LIBRARIES = YES;
				BUNDLE_LOADER = "$(TEST_HOST)";
				CODE_SIGN_STYLE = Automatic;
				CURRENT_PROJECT_VERSION = 1;
				DEVELOPMENT_TEAM = WVZBR7DU5M;
				GENERATE_INFOPLIST_FILE = YES;
				IPHONEOS_DEPLOYMENT_TARGET = 16.2;
				MARKETING_VERSION = 1.0;
				PRODUCT_BUNDLE_IDENTIFIER = io.inappchat.IACDemoPodsTests;
				PRODUCT_NAME = "$(TARGET_NAME)";
				SWIFT_EMIT_LOC_STRINGS = NO;
				SWIFT_VERSION = 5.0;
				TARGETED_DEVICE_FAMILY = "1,2";
				TEST_HOST = "$(BUILT_PRODUCTS_DIR)/IACDemoPods.app/$(BUNDLE_EXECUTABLE_FOLDER_PATH)/IACDemoPods";
			};
			name = Release;
		};
		B808843A29B2BAEE00987BF3 /* Debug */ = {
			isa = XCBuildConfiguration;
			buildSettings = {
				ALWAYS_EMBED_SWIFT_STANDARD_LIBRARIES = YES;
				CODE_SIGN_STYLE = Automatic;
				CURRENT_PROJECT_VERSION = 1;
				DEVELOPMENT_TEAM = WVZBR7DU5M;
				GENERATE_INFOPLIST_FILE = YES;
				MARKETING_VERSION = 1.0;
				PRODUCT_BUNDLE_IDENTIFIER = io.inappchat.IACDemoPodsUITests;
				PRODUCT_NAME = "$(TARGET_NAME)";
				SWIFT_EMIT_LOC_STRINGS = NO;
				SWIFT_VERSION = 5.0;
				TARGETED_DEVICE_FAMILY = "1,2";
				TEST_TARGET_NAME = IACDemoPods;
			};
			name = Debug;
		};
		B808843B29B2BAEE00987BF3 /* Release */ = {
			isa = XCBuildConfiguration;
			buildSettings = {
				ALWAYS_EMBED_SWIFT_STANDARD_LIBRARIES = YES;
				CODE_SIGN_STYLE = Automatic;
				CURRENT_PROJECT_VERSION = 1;
				DEVELOPMENT_TEAM = WVZBR7DU5M;
				GENERATE_INFOPLIST_FILE = YES;
				MARKETING_VERSION = 1.0;
				PRODUCT_BUNDLE_IDENTIFIER = io.inappchat.IACDemoPodsUITests;
				PRODUCT_NAME = "$(TARGET_NAME)";
				SWIFT_EMIT_LOC_STRINGS = NO;
				SWIFT_VERSION = 5.0;
				TARGETED_DEVICE_FAMILY = "1,2";
				TEST_TARGET_NAME = IACDemoPods;
			};
			name = Release;
		};
/* End XCBuildConfiguration section */

/* Begin XCConfigurationList section */
		B808840A29B2BAEB00987BF3 /* Build configuration list for PBXProject "IACDemoPods" */ = {
			isa = XCConfigurationList;
			buildConfigurations = (
				B808843129B2BAEE00987BF3 /* Debug */,
				B808843229B2BAEE00987BF3 /* Release */,
			);
			defaultConfigurationIsVisible = 0;
			defaultConfigurationName = Release;
		};
		B808843329B2BAEE00987BF3 /* Build configuration list for PBXNativeTarget "IACDemoPods" */ = {
			isa = XCConfigurationList;
			buildConfigurations = (
				B808843429B2BAEE00987BF3 /* Debug */,
				B808843529B2BAEE00987BF3 /* Release */,
			);
			defaultConfigurationIsVisible = 0;
			defaultConfigurationName = Release;
		};
		B808843629B2BAEE00987BF3 /* Build configuration list for PBXNativeTarget "IACDemoPodsTests" */ = {
			isa = XCConfigurationList;
			buildConfigurations = (
				B808843729B2BAEE00987BF3 /* Debug */,
				B808843829B2BAEE00987BF3 /* Release */,
			);
			defaultConfigurationIsVisible = 0;
			defaultConfigurationName = Release;
		};
		B808843929B2BAEE00987BF3 /* Build configuration list for PBXNativeTarget "IACDemoPodsUITests" */ = {
			isa = XCConfigurationList;
			buildConfigurations = (
				B808843A29B2BAEE00987BF3 /* Debug */,
				B808843B29B2BAEE00987BF3 /* Release */,
			);
			defaultConfigurationIsVisible = 0;
			defaultConfigurationName = Release;
		};
/* End XCConfigurationList section */
	};
	rootObject = B808840729B2BAEB00987BF3 /* Project object */;
}
