// !$*UTF8*$!
{
	archiveVersion = 1;
	classes = {
	};
	objectVersion = 56;
	objects = {

/* Begin PBXBuildFile section */
		B80883DD29B2BAD200987BF3 /* IACDemoSwiftPMApp.swift in Sources */ = {isa = PBXBuildFile; fileRef = B80883DC29B2BAD200987BF3 /* IACDemoSwiftPMApp.swift */; };
		B80883DF29B2BAD200987BF3 /* ContentView.swift in Sources */ = {isa = PBXBuildFile; fileRef = B80883DE29B2BAD200987BF3 /* ContentView.swift */; };
		B80883E129B2BAD400987BF3 /* Assets.xcassets in Resources */ = {isa = PBXBuildFile; fileRef = B80883E029B2BAD400987BF3 /* Assets.xcassets */; };
		B80883E429B2BAD400987BF3 /* Preview Assets.xcassets in Resources */ = {isa = PBXBuildFile; fileRef = B80883E329B2BAD400987BF3 /* Preview Assets.xcassets */; };
		B80883EE29B2BAD400987BF3 /* IACDemoSwiftPMTests.swift in Sources */ = {isa = PBXBuildFile; fileRef = B80883ED29B2BAD400987BF3 /* IACDemoSwiftPMTests.swift */; };
		B80883F829B2BAD400987BF3 /* IACDemoSwiftPMUITests.swift in Sources */ = {isa = PBXBuildFile; fileRef = B80883F729B2BAD400987BF3 /* IACDemoSwiftPMUITests.swift */; };
		B80883FA29B2BAD400987BF3 /* IACDemoSwiftPMUITestsLaunchTests.swift in Sources */ = {isa = PBXBuildFile; fileRef = B80883F929B2BAD400987BF3 /* IACDemoSwiftPMUITestsLaunchTests.swift */; };
/* End PBXBuildFile section */

/* Begin PBXContainerItemProxy section */
		B80883EA29B2BAD400987BF3 /* PBXContainerItemProxy */ = {
			isa = PBXContainerItemProxy;
			containerPortal = B80883D129B2BAD200987BF3 /* Project object */;
			proxyType = 1;
			remoteGlobalIDString = B80883D829B2BAD200987BF3;
			remoteInfo = IACDemoSwiftPM;
		};
		B80883F429B2BAD400987BF3 /* PBXContainerItemProxy */ = {
			isa = PBXContainerItemProxy;
			containerPortal = B80883D129B2BAD200987BF3 /* Project object */;
			proxyType = 1;
			remoteGlobalIDString = B80883D829B2BAD200987BF3;
			remoteInfo = IACDemoSwiftPM;
		};
/* End PBXContainerItemProxy section */

/* Begin PBXFileReference section */
		B80883D929B2BAD200987BF3 /* IACDemoSwiftPM.app */ = {isa = PBXFileReference; explicitFileType = wrapper.application; includeInIndex = 0; path = IACDemoSwiftPM.app; sourceTree = BUILT_PRODUCTS_DIR; };
		B80883DC29B2BAD200987BF3 /* IACDemoSwiftPMApp.swift */ = {isa = PBXFileReference; lastKnownFileType = sourcecode.swift; path = IACDemoSwiftPMApp.swift; sourceTree = "<group>"; };
		B80883DE29B2BAD200987BF3 /* ContentView.swift */ = {isa = PBXFileReference; lastKnownFileType = sourcecode.swift; path = ContentView.swift; sourceTree = "<group>"; };
		B80883E029B2BAD400987BF3 /* Assets.xcassets */ = {isa = PBXFileReference; lastKnownFileType = folder.assetcatalog; path = Assets.xcassets; sourceTree = "<group>"; };
		B80883E329B2BAD400987BF3 /* Preview Assets.xcassets */ = {isa = PBXFileReference; lastKnownFileType = folder.assetcatalog; path = "Preview Assets.xcassets"; sourceTree = "<group>"; };
		B80883E929B2BAD400987BF3 /* IACDemoSwiftPMTests.xctest */ = {isa = PBXFileReference; explicitFileType = wrapper.cfbundle; includeInIndex = 0; path = IACDemoSwiftPMTests.xctest; sourceTree = BUILT_PRODUCTS_DIR; };
		B80883ED29B2BAD400987BF3 /* IACDemoSwiftPMTests.swift */ = {isa = PBXFileReference; lastKnownFileType = sourcecode.swift; path = IACDemoSwiftPMTests.swift; sourceTree = "<group>"; };
		B80883F329B2BAD400987BF3 /* IACDemoSwiftPMUITests.xctest */ = {isa = PBXFileReference; explicitFileType = wrapper.cfbundle; includeInIndex = 0; path = IACDemoSwiftPMUITests.xctest; sourceTree = BUILT_PRODUCTS_DIR; };
		B80883F729B2BAD400987BF3 /* IACDemoSwiftPMUITests.swift */ = {isa = PBXFileReference; lastKnownFileType = sourcecode.swift; path = IACDemoSwiftPMUITests.swift; sourceTree = "<group>"; };
		B80883F929B2BAD400987BF3 /* IACDemoSwiftPMUITestsLaunchTests.swift */ = {isa = PBXFileReference; lastKnownFileType = sourcecode.swift; path = IACDemoSwiftPMUITestsLaunchTests.swift; sourceTree = "<group>"; };
/* End PBXFileReference section */

/* Begin PBXFrameworksBuildPhase section */
		B80883D629B2BAD200987BF3 /* Frameworks */ = {
			isa = PBXFrameworksBuildPhase;
			buildActionMask = 2147483647;
			files = (
			);
			runOnlyForDeploymentPostprocessing = 0;
		};
		B80883E629B2BAD400987BF3 /* Frameworks */ = {
			isa = PBXFrameworksBuildPhase;
			buildActionMask = 2147483647;
			files = (
			);
			runOnlyForDeploymentPostprocessing = 0;
		};
		B80883F029B2BAD400987BF3 /* Frameworks */ = {
			isa = PBXFrameworksBuildPhase;
			buildActionMask = 2147483647;
			files = (
			);
			runOnlyForDeploymentPostprocessing = 0;
		};
/* End PBXFrameworksBuildPhase section */

/* Begin PBXGroup section */
		B80883D029B2BAD200987BF3 = {
			isa = PBXGroup;
			children = (
				B80883DB29B2BAD200987BF3 /* IACDemoSwiftPM */,
				B80883EC29B2BAD400987BF3 /* IACDemoSwiftPMTests */,
				B80883F629B2BAD400987BF3 /* IACDemoSwiftPMUITests */,
				B80883DA29B2BAD200987BF3 /* Products */,
			);
			sourceTree = "<group>";
		};
		B80883DA29B2BAD200987BF3 /* Products */ = {
			isa = PBXGroup;
			children = (
				B80883D929B2BAD200987BF3 /* IACDemoSwiftPM.app */,
				B80883E929B2BAD400987BF3 /* IACDemoSwiftPMTests.xctest */,
				B80883F329B2BAD400987BF3 /* IACDemoSwiftPMUITests.xctest */,
			);
			name = Products;
			sourceTree = "<group>";
		};
		B80883DB29B2BAD200987BF3 /* IACDemoSwiftPM */ = {
			isa = PBXGroup;
			children = (
				B80883DC29B2BAD200987BF3 /* IACDemoSwiftPMApp.swift */,
				B80883DE29B2BAD200987BF3 /* ContentView.swift */,
				B80883E029B2BAD400987BF3 /* Assets.xcassets */,
				B80883E229B2BAD400987BF3 /* Preview Content */,
			);
			path = IACDemoSwiftPM;
			sourceTree = "<group>";
		};
		B80883E229B2BAD400987BF3 /* Preview Content */ = {
			isa = PBXGroup;
			children = (
				B80883E329B2BAD400987BF3 /* Preview Assets.xcassets */,
			);
			path = "Preview Content";
			sourceTree = "<group>";
		};
		B80883EC29B2BAD400987BF3 /* IACDemoSwiftPMTests */ = {
			isa = PBXGroup;
			children = (
				B80883ED29B2BAD400987BF3 /* IACDemoSwiftPMTests.swift */,
			);
			path = IACDemoSwiftPMTests;
			sourceTree = "<group>";
		};
		B80883F629B2BAD400987BF3 /* IACDemoSwiftPMUITests */ = {
			isa = PBXGroup;
			children = (
				B80883F729B2BAD400987BF3 /* IACDemoSwiftPMUITests.swift */,
				B80883F929B2BAD400987BF3 /* IACDemoSwiftPMUITestsLaunchTests.swift */,
			);
			path = IACDemoSwiftPMUITests;
			sourceTree = "<group>";
		};
/* End PBXGroup section */

/* Begin PBXNativeTarget section */
		B80883D829B2BAD200987BF3 /* IACDemoSwiftPM */ = {
			isa = PBXNativeTarget;
			buildConfigurationList = B80883FD29B2BAD400987BF3 /* Build configuration list for PBXNativeTarget "IACDemoSwiftPM" */;
			buildPhases = (
				B80883D529B2BAD200987BF3 /* Sources */,
				B80883D629B2BAD200987BF3 /* Frameworks */,
				B80883D729B2BAD200987BF3 /* Resources */,
			);
			buildRules = (
			);
			dependencies = (
			);
			name = IACDemoSwiftPM;
			productName = IACDemoSwiftPM;
			productReference = B80883D929B2BAD200987BF3 /* IACDemoSwiftPM.app */;
			productType = "com.apple.product-type.application";
		};
		B80883E829B2BAD400987BF3 /* IACDemoSwiftPMTests */ = {
			isa = PBXNativeTarget;
			buildConfigurationList = B808840029B2BAD400987BF3 /* Build configuration list for PBXNativeTarget "IACDemoSwiftPMTests" */;
			buildPhases = (
				B80883E529B2BAD400987BF3 /* Sources */,
				B80883E629B2BAD400987BF3 /* Frameworks */,
				B80883E729B2BAD400987BF3 /* Resources */,
			);
			buildRules = (
			);
			dependencies = (
				B80883EB29B2BAD400987BF3 /* PBXTargetDependency */,
			);
			name = IACDemoSwiftPMTests;
			productName = IACDemoSwiftPMTests;
			productReference = B80883E929B2BAD400987BF3 /* IACDemoSwiftPMTests.xctest */;
			productType = "com.apple.product-type.bundle.unit-test";
		};
		B80883F229B2BAD400987BF3 /* IACDemoSwiftPMUITests */ = {
			isa = PBXNativeTarget;
			buildConfigurationList = B808840329B2BAD400987BF3 /* Build configuration list for PBXNativeTarget "IACDemoSwiftPMUITests" */;
			buildPhases = (
				B80883EF29B2BAD400987BF3 /* Sources */,
				B80883F029B2BAD400987BF3 /* Frameworks */,
				B80883F129B2BAD400987BF3 /* Resources */,
			);
			buildRules = (
			);
			dependencies = (
				B80883F529B2BAD400987BF3 /* PBXTargetDependency */,
			);
			name = IACDemoSwiftPMUITests;
			productName = IACDemoSwiftPMUITests;
			productReference = B80883F329B2BAD400987BF3 /* IACDemoSwiftPMUITests.xctest */;
			productType = "com.apple.product-type.bundle.ui-testing";
		};
/* End PBXNativeTarget section */

/* Begin PBXProject section */
		B80883D129B2BAD200987BF3 /* Project object */ = {
			isa = PBXProject;
			attributes = {
				BuildIndependentTargetsInParallel = 1;
				LastSwiftUpdateCheck = 1420;
				LastUpgradeCheck = 1420;
				TargetAttributes = {
					B80883D829B2BAD200987BF3 = {
						CreatedOnToolsVersion = 14.2;
					};
					B80883E829B2BAD400987BF3 = {
						CreatedOnToolsVersion = 14.2;
						TestTargetID = B80883D829B2BAD200987BF3;
					};
					B80883F229B2BAD400987BF3 = {
						CreatedOnToolsVersion = 14.2;
						TestTargetID = B80883D829B2BAD200987BF3;
					};
				};
			};
			buildConfigurationList = B80883D429B2BAD200987BF3 /* Build configuration list for PBXProject "IACDemoSwiftPM" */;
			compatibilityVersion = "Xcode 14.0";
			developmentRegion = en;
			hasScannedForEncodings = 0;
			knownRegions = (
				en,
				Base,
			);
			mainGroup = B80883D029B2BAD200987BF3;
			productRefGroup = B80883DA29B2BAD200987BF3 /* Products */;
			projectDirPath = "";
			projectRoot = "";
			targets = (
				B80883D829B2BAD200987BF3 /* IACDemoSwiftPM */,
				B80883E829B2BAD400987BF3 /* IACDemoSwiftPMTests */,
				B80883F229B2BAD400987BF3 /* IACDemoSwiftPMUITests */,
			);
		};
/* End PBXProject section */

/* Begin PBXResourcesBuildPhase section */
		B80883D729B2BAD200987BF3 /* Resources */ = {
			isa = PBXResourcesBuildPhase;
			buildActionMask = 2147483647;
			files = (
				B80883E429B2BAD400987BF3 /* Preview Assets.xcassets in Resources */,
				B80883E129B2BAD400987BF3 /* Assets.xcassets in Resources */,
			);
			runOnlyForDeploymentPostprocessing = 0;
		};
		B80883E729B2BAD400987BF3 /* Resources */ = {
			isa = PBXResourcesBuildPhase;
			buildActionMask = 2147483647;
			files = (
			);
			runOnlyForDeploymentPostprocessing = 0;
		};
		B80883F129B2BAD400987BF3 /* Resources */ = {
			isa = PBXResourcesBuildPhase;
			buildActionMask = 2147483647;
			files = (
			);
			runOnlyForDeploymentPostprocessing = 0;
		};
/* End PBXResourcesBuildPhase section */

/* Begin PBXSourcesBuildPhase section */
		B80883D529B2BAD200987BF3 /* Sources */ = {
			isa = PBXSourcesBuildPhase;
			buildActionMask = 2147483647;
			files = (
				B80883DF29B2BAD200987BF3 /* ContentView.swift in Sources */,
				B80883DD29B2BAD200987BF3 /* IACDemoSwiftPMApp.swift in Sources */,
			);
			runOnlyForDeploymentPostprocessing = 0;
		};
		B80883E529B2BAD400987BF3 /* Sources */ = {
			isa = PBXSourcesBuildPhase;
			buildActionMask = 2147483647;
			files = (
				B80883EE29B2BAD400987BF3 /* IACDemoSwiftPMTests.swift in Sources */,
			);
			runOnlyForDeploymentPostprocessing = 0;
		};
		B80883EF29B2BAD400987BF3 /* Sources */ = {
			isa = PBXSourcesBuildPhase;
			buildActionMask = 2147483647;
			files = (
				B80883FA29B2BAD400987BF3 /* IACDemoSwiftPMUITestsLaunchTests.swift in Sources */,
				B80883F829B2BAD400987BF3 /* IACDemoSwiftPMUITests.swift in Sources */,
			);
			runOnlyForDeploymentPostprocessing = 0;
		};
/* End PBXSourcesBuildPhase section */

/* Begin PBXTargetDependency section */
		B80883EB29B2BAD400987BF3 /* PBXTargetDependency */ = {
			isa = PBXTargetDependency;
			target = B80883D829B2BAD200987BF3 /* IACDemoSwiftPM */;
			targetProxy = B80883EA29B2BAD400987BF3 /* PBXContainerItemProxy */;
		};
		B80883F529B2BAD400987BF3 /* PBXTargetDependency */ = {
			isa = PBXTargetDependency;
			target = B80883D829B2BAD200987BF3 /* IACDemoSwiftPM */;
			targetProxy = B80883F429B2BAD400987BF3 /* PBXContainerItemProxy */;
		};
/* End PBXTargetDependency section */

/* Begin XCBuildConfiguration section */
		B80883FB29B2BAD400987BF3 /* Debug */ = {
			isa = XCBuildConfiguration;
			buildSettings = {
				ALWAYS_SEARCH_USER_PATHS = NO;
				CLANG_ANALYZER_NONNULL = YES;
				CLANG_ANALYZER_NUMBER_OBJECT_CONVERSION = YES_AGGRESSIVE;
				CLANG_CXX_LANGUAGE_STANDARD = "gnu++20";
				CLANG_ENABLE_MODULES = YES;
				CLANG_ENABLE_OBJC_ARC = YES;
				CLANG_ENABLE_OBJC_WEAK = YES;
				CLANG_WARN_BLOCK_CAPTURE_AUTORELEASING = YES;
				CLANG_WARN_BOOL_CONVERSION = YES;
				CLANG_WARN_COMMA = YES;
				CLANG_WARN_CONSTANT_CONVERSION = YES;
				CLANG_WARN_DEPRECATED_OBJC_IMPLEMENTATIONS = YES;
				CLANG_WARN_DIRECT_OBJC_ISA_USAGE = YES_ERROR;
				CLANG_WARN_DOCUMENTATION_COMMENTS = YES;
				CLANG_WARN_EMPTY_BODY = YES;
				CLANG_WARN_ENUM_CONVERSION = YES;
				CLANG_WARN_INFINITE_RECURSION = YES;
				CLANG_WARN_INT_CONVERSION = YES;
				CLANG_WARN_NON_LITERAL_NULL_CONVERSION = YES;
				CLANG_WARN_OBJC_IMPLICIT_RETAIN_SELF = YES;
				CLANG_WARN_OBJC_LITERAL_CONVERSION = YES;
				CLANG_WARN_OBJC_ROOT_CLASS = YES_ERROR;
				CLANG_WARN_QUOTED_INCLUDE_IN_FRAMEWORK_HEADER = YES;
				CLANG_WARN_RANGE_LOOP_ANALYSIS = YES;
				CLANG_WARN_STRICT_PROTOTYPES = YES;
				CLANG_WARN_SUSPICIOUS_MOVE = YES;
				CLANG_WARN_UNGUARDED_AVAILABILITY = YES_AGGRESSIVE;
				CLANG_WARN_UNREACHABLE_CODE = YES;
				CLANG_WARN__DUPLICATE_METHOD_MATCH = YES;
				COPY_PHASE_STRIP = NO;
				DEBUG_INFORMATION_FORMAT = dwarf;
				ENABLE_STRICT_OBJC_MSGSEND = YES;
				ENABLE_TESTABILITY = YES;
				GCC_C_LANGUAGE_STANDARD = gnu11;
				GCC_DYNAMIC_NO_PIC = NO;
				GCC_NO_COMMON_BLOCKS = YES;
				GCC_OPTIMIZATION_LEVEL = 0;
				GCC_PREPROCESSOR_DEFINITIONS = (
					"DEBUG=1",
					"$(inherited)",
				);
				GCC_WARN_64_TO_32_BIT_CONVERSION = YES;
				GCC_WARN_ABOUT_RETURN_TYPE = YES_ERROR;
				GCC_WARN_UNDECLARED_SELECTOR = YES;
				GCC_WARN_UNINITIALIZED_AUTOS = YES_AGGRESSIVE;
				GCC_WARN_UNUSED_FUNCTION = YES;
				GCC_WARN_UNUSED_VARIABLE = YES;
				IPHONEOS_DEPLOYMENT_TARGET = 16.2;
				MTL_ENABLE_DEBUG_INFO = INCLUDE_SOURCE;
				MTL_FAST_MATH = YES;
				ONLY_ACTIVE_ARCH = YES;
				SDKROOT = iphoneos;
				SWIFT_ACTIVE_COMPILATION_CONDITIONS = DEBUG;
				SWIFT_OPTIMIZATION_LEVEL = "-Onone";
			};
			name = Debug;
		};
		B80883FC29B2BAD400987BF3 /* Release */ = {
			isa = XCBuildConfiguration;
			buildSettings = {
				ALWAYS_SEARCH_USER_PATHS = NO;
				CLANG_ANALYZER_NONNULL = YES;
				CLANG_ANALYZER_NUMBER_OBJECT_CONVERSION = YES_AGGRESSIVE;
				CLANG_CXX_LANGUAGE_STANDARD = "gnu++20";
				CLANG_ENABLE_MODULES = YES;
				CLANG_ENABLE_OBJC_ARC = YES;
				CLANG_ENABLE_OBJC_WEAK = YES;
				CLANG_WARN_BLOCK_CAPTURE_AUTORELEASING = YES;
				CLANG_WARN_BOOL_CONVERSION = YES;
				CLANG_WARN_COMMA = YES;
				CLANG_WARN_CONSTANT_CONVERSION = YES;
				CLANG_WARN_DEPRECATED_OBJC_IMPLEMENTATIONS = YES;
				CLANG_WARN_DIRECT_OBJC_ISA_USAGE = YES_ERROR;
				CLANG_WARN_DOCUMENTATION_COMMENTS = YES;
				CLANG_WARN_EMPTY_BODY = YES;
				CLANG_WARN_ENUM_CONVERSION = YES;
				CLANG_WARN_INFINITE_RECURSION = YES;
				CLANG_WARN_INT_CONVERSION = YES;
				CLANG_WARN_NON_LITERAL_NULL_CONVERSION = YES;
				CLANG_WARN_OBJC_IMPLICIT_RETAIN_SELF = YES;
				CLANG_WARN_OBJC_LITERAL_CONVERSION = YES;
				CLANG_WARN_OBJC_ROOT_CLASS = YES_ERROR;
				CLANG_WARN_QUOTED_INCLUDE_IN_FRAMEWORK_HEADER = YES;
				CLANG_WARN_RANGE_LOOP_ANALYSIS = YES;
				CLANG_WARN_STRICT_PROTOTYPES = YES;
				CLANG_WARN_SUSPICIOUS_MOVE = YES;
				CLANG_WARN_UNGUARDED_AVAILABILITY = YES_AGGRESSIVE;
				CLANG_WARN_UNREACHABLE_CODE = YES;
				CLANG_WARN__DUPLICATE_METHOD_MATCH = YES;
				COPY_PHASE_STRIP = NO;
				DEBUG_INFORMATION_FORMAT = "dwarf-with-dsym";
				ENABLE_NS_ASSERTIONS = NO;
				ENABLE_STRICT_OBJC_MSGSEND = YES;
				GCC_C_LANGUAGE_STANDARD = gnu11;
				GCC_NO_COMMON_BLOCKS = YES;
				GCC_WARN_64_TO_32_BIT_CONVERSION = YES;
				GCC_WARN_ABOUT_RETURN_TYPE = YES_ERROR;
				GCC_WARN_UNDECLARED_SELECTOR = YES;
				GCC_WARN_UNINITIALIZED_AUTOS = YES_AGGRESSIVE;
				GCC_WARN_UNUSED_FUNCTION = YES;
				GCC_WARN_UNUSED_VARIABLE = YES;
				IPHONEOS_DEPLOYMENT_TARGET = 16.2;
				MTL_ENABLE_DEBUG_INFO = NO;
				MTL_FAST_MATH = YES;
				SDKROOT = iphoneos;
				SWIFT_COMPILATION_MODE = wholemodule;
				SWIFT_OPTIMIZATION_LEVEL = "-O";
				VALIDATE_PRODUCT = YES;
			};
			name = Release;
		};
		B80883FE29B2BAD400987BF3 /* Debug */ = {
			isa = XCBuildConfiguration;
			buildSettings = {
				ASSETCATALOG_COMPILER_APPICON_NAME = AppIcon;
				ASSETCATALOG_COMPILER_GLOBAL_ACCENT_COLOR_NAME = AccentColor;
				CODE_SIGN_STYLE = Automatic;
				CURRENT_PROJECT_VERSION = 1;
				DEVELOPMENT_ASSET_PATHS = "\"IACDemoSwiftPM/Preview Content\"";
				DEVELOPMENT_TEAM = WVZBR7DU5M;
				ENABLE_PREVIEWS = YES;
				GENERATE_INFOPLIST_FILE = YES;
				INFOPLIST_KEY_UIApplicationSceneManifest_Generation = YES;
				INFOPLIST_KEY_UIApplicationSupportsIndirectInputEvents = YES;
				INFOPLIST_KEY_UILaunchScreen_Generation = YES;
				INFOPLIST_KEY_UISupportedInterfaceOrientations_iPad = "UIInterfaceOrientationPortrait UIInterfaceOrientationPortraitUpsideDown UIInterfaceOrientationLandscapeLeft UIInterfaceOrientationLandscapeRight";
				INFOPLIST_KEY_UISupportedInterfaceOrientations_iPhone = "UIInterfaceOrientationPortrait UIInterfaceOrientationLandscapeLeft UIInterfaceOrientationLandscapeRight";
				LD_RUNPATH_SEARCH_PATHS = (
					"$(inherited)",
					"@executable_path/Frameworks",
				);
				MARKETING_VERSION = 1.0;
				PRODUCT_BUNDLE_IDENTIFIER = io.inappchat.IACDemoSwiftPM;
				PRODUCT_NAME = "$(TARGET_NAME)";
				SWIFT_EMIT_LOC_STRINGS = YES;
				SWIFT_VERSION = 5.0;
				TARGETED_DEVICE_FAMILY = "1,2";
			};
			name = Debug;
		};
		B80883FF29B2BAD400987BF3 /* Release */ = {
			isa = XCBuildConfiguration;
			buildSettings = {
				ASSETCATALOG_COMPILER_APPICON_NAME = AppIcon;
				ASSETCATALOG_COMPILER_GLOBAL_ACCENT_COLOR_NAME = AccentColor;
				CODE_SIGN_STYLE = Automatic;
				CURRENT_PROJECT_VERSION = 1;
				DEVELOPMENT_ASSET_PATHS = "\"IACDemoSwiftPM/Preview Content\"";
				DEVELOPMENT_TEAM = WVZBR7DU5M;
				ENABLE_PREVIEWS = YES;
				GENERATE_INFOPLIST_FILE = YES;
				INFOPLIST_KEY_UIApplicationSceneManifest_Generation = YES;
				INFOPLIST_KEY_UIApplicationSupportsIndirectInputEvents = YES;
				INFOPLIST_KEY_UILaunchScreen_Generation = YES;
				INFOPLIST_KEY_UISupportedInterfaceOrientations_iPad = "UIInterfaceOrientationPortrait UIInterfaceOrientationPortraitUpsideDown UIInterfaceOrientationLandscapeLeft UIInterfaceOrientationLandscapeRight";
				INFOPLIST_KEY_UISupportedInterfaceOrientations_iPhone = "UIInterfaceOrientationPortrait UIInterfaceOrientationLandscapeLeft UIInterfaceOrientationLandscapeRight";
				LD_RUNPATH_SEARCH_PATHS = (
					"$(inherited)",
					"@executable_path/Frameworks",
				);
				MARKETING_VERSION = 1.0;
				PRODUCT_BUNDLE_IDENTIFIER = io.inappchat.IACDemoSwiftPM;
				PRODUCT_NAME = "$(TARGET_NAME)";
				SWIFT_EMIT_LOC_STRINGS = YES;
				SWIFT_VERSION = 5.0;
				TARGETED_DEVICE_FAMILY = "1,2";
			};
			name = Release;
		};
		B808840129B2BAD400987BF3 /* Debug */ = {
			isa = XCBuildConfiguration;
			buildSettings = {
				ALWAYS_EMBED_SWIFT_STANDARD_LIBRARIES = YES;
				BUNDLE_LOADER = "$(TEST_HOST)";
				CODE_SIGN_STYLE = Automatic;
				CURRENT_PROJECT_VERSION = 1;
				DEVELOPMENT_TEAM = WVZBR7DU5M;
				GENERATE_INFOPLIST_FILE = YES;
				IPHONEOS_DEPLOYMENT_TARGET = 16.2;
				MARKETING_VERSION = 1.0;
				PRODUCT_BUNDLE_IDENTIFIER = io.inappchat.IACDemoSwiftPMTests;
				PRODUCT_NAME = "$(TARGET_NAME)";
				SWIFT_EMIT_LOC_STRINGS = NO;
				SWIFT_VERSION = 5.0;
				TARGETED_DEVICE_FAMILY = "1,2";
				TEST_HOST = "$(BUILT_PRODUCTS_DIR)/IACDemoSwiftPM.app/$(BUNDLE_EXECUTABLE_FOLDER_PATH)/IACDemoSwiftPM";
			};
			name = Debug;
		};
		B808840229B2BAD400987BF3 /* Release */ = {
			isa = XCBuildConfiguration;
			buildSettings = {
				ALWAYS_EMBED_SWIFT_STANDARD_LIBRARIES = YES;
				BUNDLE_LOADER = "$(TEST_HOST)";
				CODE_SIGN_STYLE = Automatic;
				CURRENT_PROJECT_VERSION = 1;
				DEVELOPMENT_TEAM = WVZBR7DU5M;
				GENERATE_INFOPLIST_FILE = YES;
				IPHONEOS_DEPLOYMENT_TARGET = 16.2;
				MARKETING_VERSION = 1.0;
				PRODUCT_BUNDLE_IDENTIFIER = io.inappchat.IACDemoSwiftPMTests;
				PRODUCT_NAME = "$(TARGET_NAME)";
				SWIFT_EMIT_LOC_STRINGS = NO;
				SWIFT_VERSION = 5.0;
				TARGETED_DEVICE_FAMILY = "1,2";
				TEST_HOST = "$(BUILT_PRODUCTS_DIR)/IACDemoSwiftPM.app/$(BUNDLE_EXECUTABLE_FOLDER_PATH)/IACDemoSwiftPM";
			};
			name = Release;
		};
		B808840429B2BAD400987BF3 /* Debug */ = {
			isa = XCBuildConfiguration;
			buildSettings = {
				ALWAYS_EMBED_SWIFT_STANDARD_LIBRARIES = YES;
				CODE_SIGN_STYLE = Automatic;
				CURRENT_PROJECT_VERSION = 1;
				DEVELOPMENT_TEAM = WVZBR7DU5M;
				GENERATE_INFOPLIST_FILE = YES;
				MARKETING_VERSION = 1.0;
				PRODUCT_BUNDLE_IDENTIFIER = io.inappchat.IACDemoSwiftPMUITests;
				PRODUCT_NAME = "$(TARGET_NAME)";
				SWIFT_EMIT_LOC_STRINGS = NO;
				SWIFT_VERSION = 5.0;
				TARGETED_DEVICE_FAMILY = "1,2";
				TEST_TARGET_NAME = IACDemoSwiftPM;
			};
			name = Debug;
		};
		B808840529B2BAD400987BF3 /* Release */ = {
			isa = XCBuildConfiguration;
			buildSettings = {
				ALWAYS_EMBED_SWIFT_STANDARD_LIBRARIES = YES;
				CODE_SIGN_STYLE = Automatic;
				CURRENT_PROJECT_VERSION = 1;
				DEVELOPMENT_TEAM = WVZBR7DU5M;
				GENERATE_INFOPLIST_FILE = YES;
				MARKETING_VERSION = 1.0;
				PRODUCT_BUNDLE_IDENTIFIER = io.inappchat.IACDemoSwiftPMUITests;
				PRODUCT_NAME = "$(TARGET_NAME)";
				SWIFT_EMIT_LOC_STRINGS = NO;
				SWIFT_VERSION = 5.0;
				TARGETED_DEVICE_FAMILY = "1,2";
				TEST_TARGET_NAME = IACDemoSwiftPM;
			};
			name = Release;
		};
/* End XCBuildConfiguration section */

/* Begin XCConfigurationList section */
		B80883D429B2BAD200987BF3 /* Build configuration list for PBXProject "IACDemoSwiftPM" */ = {
			isa = XCConfigurationList;
			buildConfigurations = (
				B80883FB29B2BAD400987BF3 /* Debug */,
				B80883FC29B2BAD400987BF3 /* Release */,
			);
			defaultConfigurationIsVisible = 0;
			defaultConfigurationName = Release;
		};
		B80883FD29B2BAD400987BF3 /* Build configuration list for PBXNativeTarget "IACDemoSwiftPM" */ = {
			isa = XCConfigurationList;
			buildConfigurations = (
				B80883FE29B2BAD400987BF3 /* Debug */,
				B80883FF29B2BAD400987BF3 /* Release */,
			);
			defaultConfigurationIsVisible = 0;
			defaultConfigurationName = Release;
		};
		B808840029B2BAD400987BF3 /* Build configuration list for PBXNativeTarget "IACDemoSwiftPMTests" */ = {
			isa = XCConfigurationList;
			buildConfigurations = (
				B808840129B2BAD400987BF3 /* Debug */,
				B808840229B2BAD400987BF3 /* Release */,
			);
			defaultConfigurationIsVisible = 0;
			defaultConfigurationName = Release;
		};
		B808840329B2BAD400987BF3 /* Build configuration list for PBXNativeTarget "IACDemoSwiftPMUITests" */ = {
			isa = XCConfigurationList;
			buildConfigurations = (
				B808840429B2BAD400987BF3 /* Debug */,
				B808840529B2BAD400987BF3 /* Release */,
			);
			defaultConfigurationIsVisible = 0;
			defaultConfigurationName = Release;
		};
/* End XCConfigurationList section */
	};
	rootObject = B80883D129B2BAD200987BF3 /* Project object */;
}
